{
  "name": "dragon_summer_001",
  "version": "1.0.0",
  "lockfileVersion": 1,
  "requires": true,
  "dependencies": {
    "@babel/parser": {
      "version": "7.24.5",
      "resolved": "https://registry.npmjs.org/@babel/parser/-/parser-7.24.5.tgz",
      "integrity": "sha512-EOv5IK8arwh3LI47dz1b0tKUb/1uhHAnHJOrjgtQMIpu1uXd9mlFrJg9IUgGUgZ41Ch0K8REPTYpO7B76b4vJg=="
    },
    "@jridgewell/sourcemap-codec": {
      "version": "1.4.15",
      "resolved": "https://registry.npmjs.org/@jridgewell/sourcemap-codec/-/sourcemap-codec-1.4.15.tgz",
      "integrity": "sha512-eF2rxCRulEKXHTRiDrDy6erMYWqNw4LPdQ8UQA4huuxaQsVeRPFl2oM8oDGxMFhJUWZf9McpLtJasDDZb/Bpeg=="
    },
    "@vue/compiler-core": {
      "version": "3.4.27",
      "resolved": "https://registry.npmjs.org/@vue/compiler-core/-/compiler-core-3.4.27.tgz",
      "integrity": "sha512-E+RyqY24KnyDXsCuQrI+mlcdW3ALND6U7Gqa/+bVwbcpcR3BRRIckFoz7Qyd4TTlnugtwuI7YgjbvsLmxb+yvg==",
      "requires": {
        "@babel/parser": "^7.24.4",
        "@vue/shared": "3.4.27",
        "entities": "^4.5.0",
        "estree-walker": "^2.0.2",
        "source-map-js": "^1.2.0"
      }
    },
    "@vue/compiler-dom": {
      "version": "3.4.27",
      "resolved": "https://registry.npmjs.org/@vue/compiler-dom/-/compiler-dom-3.4.27.tgz",
      "integrity": "sha512-kUTvochG/oVgE1w5ViSr3KUBh9X7CWirebA3bezTbB5ZKBQZwR2Mwj9uoSKRMFcz4gSMzzLXBPD6KpCLb9nvWw==",
      "requires": {
        "@vue/compiler-core": "3.4.27",
        "@vue/shared": "3.4.27"
      }
    },
    "@vue/compiler-sfc": {
      "version": "3.4.27",
      "resolved": "https://registry.npmjs.org/@vue/compiler-sfc/-/compiler-sfc-3.4.27.tgz",
      "integrity": "sha512-nDwntUEADssW8e0rrmE0+OrONwmRlegDA1pD6QhVeXxjIytV03yDqTey9SBDiALsvAd5U4ZrEKbMyVXhX6mCGA==",
      "requires": {
        "@babel/parser": "^7.24.4",
        "@vue/compiler-core": "3.4.27",
        "@vue/compiler-dom": "3.4.27",
        "@vue/compiler-ssr": "3.4.27",
        "@vue/shared": "3.4.27",
        "estree-walker": "^2.0.2",
        "magic-string": "^0.30.10",
        "postcss": "^8.4.38",
        "source-map-js": "^1.2.0"
      }
    },
    "@vue/compiler-ssr": {
      "version": "3.4.27",
      "resolved": "https://registry.npmjs.org/@vue/compiler-ssr/-/compiler-ssr-3.4.27.tgz",
      "integrity": "sha512-CVRzSJIltzMG5FcidsW0jKNQnNRYC8bT21VegyMMtHmhW3UOI7knmUehzswXLrExDLE6lQCZdrhD4ogI7c+vuw==",
      "requires": {
        "@vue/compiler-dom": "3.4.27",
        "@vue/shared": "3.4.27"
      }
    },
    "@vue/reactivity": {
      "version": "3.4.27",
      "resolved": "https://registry.npmjs.org/@vue/reactivity/-/reactivity-3.4.27.tgz",
      "integrity": "sha512-kK0g4NknW6JX2yySLpsm2jlunZJl2/RJGZ0H9ddHdfBVHcNzxmQ0sS0b09ipmBoQpY8JM2KmUw+a6sO8Zo+zIA==",
      "requires": {
        "@vue/shared": "3.4.27"
      }
    },
    "@vue/runtime-core": {
      "version": "3.4.27",
      "resolved": "https://registry.npmjs.org/@vue/runtime-core/-/runtime-core-3.4.27.tgz",
      "integrity": "sha512-7aYA9GEbOOdviqVvcuweTLe5Za4qBZkUY7SvET6vE8kyypxVgaT1ixHLg4urtOlrApdgcdgHoTZCUuTGap/5WA==",
      "requires": {
        "@vue/reactivity": "3.4.27",
        "@vue/shared": "3.4.27"
      }
    },
    "@vue/runtime-dom": {
      "version": "3.4.27",
      "resolved": "https://registry.npmjs.org/@vue/runtime-dom/-/runtime-dom-3.4.27.tgz",
      "integrity": "sha512-ScOmP70/3NPM+TW9hvVAz6VWWtZJqkbdf7w6ySsws+EsqtHvkhxaWLecrTorFxsawelM5Ys9FnDEMt6BPBDS0Q==",
      "requires": {
        "@vue/runtime-core": "3.4.27",
        "@vue/shared": "3.4.27",
        "csstype": "^3.1.3"
      }
    },
    "@vue/server-renderer": {
      "version": "3.4.27",
      "resolved": "https://registry.npmjs.org/@vue/server-renderer/-/server-renderer-3.4.27.tgz",
      "integrity": "sha512-dlAMEuvmeA3rJsOMJ2J1kXU7o7pOxgsNHVr9K8hB3ImIkSuBrIdy0vF66h8gf8Tuinf1TK3mPAz2+2sqyf3KzA==",
      "requires": {
        "@vue/compiler-ssr": "3.4.27",
        "@vue/shared": "3.4.27"
      }
    },
    "@vue/shared": {
      "version": "3.4.27",
      "resolved": "https://registry.npmjs.org/@vue/shared/-/shared-3.4.27.tgz",
      "integrity": "sha512-DL3NmY2OFlqmYYrzp39yi3LDkKxa5vZVwxWdQ3rG0ekuWscHraeIbnI8t+aZK7qhYqEqWKTUdijadunb9pnrgA=="
    },
    "csstype": {
      "version": "3.1.3",
      "resolved": "https://registry.npmjs.org/csstype/-/csstype-3.1.3.tgz",
      "integrity": "sha512-M1uQkMl8rQK/szD0LNhtqxIPLpimGm8sOBwU7lLnCpSbTyY3yeU1Vc7l4KT5zT4s/yOxHH5O7tIuuLOCnLADRw=="
    },
    "dragon_awakening_of_insects": {
      "version": "1.0.1",
      "resolved": "https://registry.npmjs.org/dragon_awakening_of_insects/-/dragon_awakening_of_insects-1.0.1.tgz",
      "integrity": "sha512-0j0qzf51sB/l4kxTFf6dRH+DqC0O3m6f5/ZkrTy7jwFv9R/Af1OkmKfCTgrCbSaWlzK1iqowN+aeqEvQyN+jYQ==",
      "requires": {
        "dragon_lucky_words": "^1.0.3",
        "jquery": "^3.7.1"
      }
    },
    "dragon_balloons_story": {
      "version": "1.0.1",
      "resolved": "https://registry.npmjs.org/dragon_balloons_story/-/dragon_balloons_story-1.0.1.tgz",
      "integrity": "sha512-cTt/OhCxHQUi4PBVlIVl0NVEwKNZgnMEoKlzHAi3mXlwsyP/23CAkCn7d9iViVKkCX/GmrJSObdlCIAzHvG7lQ==",
      "requires": {
        "dragon_awakening_of_insects": "^1.0.1",
        "dragon_lucky_words": "^1.0.3",
        "dragon_number_guessing": "^1.0.3",
        "dragon_rain": "^1.0.6",
        "dragon_spring_equinox": "^1.0.0",
        "jquery": "^3.7.1"
      }
    },
    "dragon_cake_story": {
      "version": "1.0.1",
      "resolved": "https://registry.npmjs.org/dragon_cake_story/-/dragon_cake_story-1.0.1.tgz",
      "integrity": "sha512-4uzZawkDCjJAJbXSMN1wi905BRIuTc+yIamgzDh/wZVm3rUw+o8YM8JnvbysmqQaypPI1L4Z2zAkuSkVodFGsA==",
      "requires": {
        "dragon_awakening_of_insects": "^1.0.1",
        "dragon_lucky_words": "^1.0.3",
        "dragon_number_guessing": "^1.0.3",
        "dragon_rain": "^1.0.6",
        "dragon_spring_equinox": "^1.0.0",
        "jquery": "^3.7.1"
      }
    },
    "dragon_chicken_story": {
      "version": "1.0.1",
      "resolved": "https://registry.npmjs.org/dragon_chicken_story/-/dragon_chicken_story-1.0.1.tgz",
      "integrity": "sha512-X2hJz7pl91PBP87911QTkK6ZC63Ei1hbtnyQbljlkmHGY8qOXKjZwVVJMMGaNluoq6GlxddHw+rr2uJc+AXL2A==",
      "requires": {
        "dragon_awakening_of_insects": "^1.0.1",
        "dragon_lucky_words": "^1.0.3",
        "dragon_number_guessing": "^1.0.3",
        "dragon_rain": "^1.0.6",
        "dragon_spring_equinox": "^1.0.0",
        "jquery": "^3.7.1"
      }
    },
    "dragon_cross_story": {
      "version": "1.0.1",
      "resolved": "https://registry.npmjs.org/dragon_cross_story/-/dragon_cross_story-1.0.1.tgz",
      "integrity": "sha512-JWsfQ5RuvqzgG2XbYI6EE8TOnDUTGb2+djJb7cEddOUmTx3++SH3V0/q3QJsAoEJUBgG5ZzrKc/k1DgJA757cg==",
      "requires": {
        "dragon_awakening_of_insects": "^1.0.1",
        "dragon_lucky_words": "^1.0.3",
        "dragon_number_guessing": "^1.0.3",
        "dragon_rain": "^1.0.6",
        "dragon_spring_equinox": "^1.0.0",
        "jquery": "^3.7.1"
      }
    },
    "dragon_cruel_story": {
      "version": "1.0.1",
      "resolved": "https://registry.npmjs.org/dragon_cruel_story/-/dragon_cruel_story-1.0.1.tgz",
      "integrity": "sha512-t5Ng3QNTBcpBrhHQ6KL3ffzThoaEtIcJndOpD3ZmH47PKNXC+wQb43SFj8moonO6CrrWE5iHnbvzT2F5K3wngQ==",
      "requires": {
        "dragon_awakening_of_insects": "^1.0.1",
        "dragon_lucky_words": "^1.0.3",
        "dragon_number_guessing": "^1.0.3",
        "dragon_rain": "^1.0.6",
        "dragon_spring_equinox": "^1.0.0",
        "jquery": "^3.7.1"
      }
    },
    "dragon_dijia_story": {
      "version": "1.0.1",
      "resolved": "https://registry.npmjs.org/dragon_dijia_story/-/dragon_dijia_story-1.0.1.tgz",
      "integrity": "sha512-e4TRTn9gcj5BCtVb10ugcpTsdKVIfJVWShkkU4DjiBimOG0YvR3JZDeQs/gXEor/+fhBGhgndkkwwadoGlertA==",
      "requires": {
        "dragon_awakening_of_insects": "^1.0.1",
        "dragon_lucky_words": "^1.0.3",
        "dragon_number_guessing": "^1.0.3",
        "dragon_rain": "^1.0.6",
        "dragon_spring_equinox": "^1.0.0",
        "jquery": "^3.7.1"
      }
    },
    "dragon_homophonic_meme": {
      "version": "1.0.1",
      "resolved": "https://registry.npmjs.org/dragon_homophonic_meme/-/dragon_homophonic_meme-1.0.1.tgz",
      "integrity": "sha512-NmaavKA40VCEYs7LFZQDPGBy6PRB8zKFNZkRVUaMJXj9j+LOnxfYo8VDzRsLLs4JBTM3p5VNybKW9hLyGB/WfQ==",
      "requires": {
        "dragon_awakening_of_insects": "^1.0.1",
        "dragon_lucky_words": "^1.0.3",
        "dragon_number_guessing": "^1.0.3",
        "dragon_rain": "^1.0.6",
        "dragon_spring_equinox": "^1.0.0",
        "jquery": "^3.7.1"
      }
    },
    "dragon_leader_angry": {
      "version": "1.0.1",
      "resolved": "https://registry.npmjs.org/dragon_leader_angry/-/dragon_leader_angry-1.0.1.tgz",
      "integrity": "sha512-dV233JgYesgQQZokyjuKvBDSf3RozDL8GhhfbWpyIHcTqdvV2ttg/0eYciIPvM1yjPvAAa/TKbW8R8EwUB6G+g==",
      "requires": {
        "dragon_awakening_of_insects": "^1.0.1",
        "dragon_lucky_words": "^1.0.3",
        "dragon_number_guessing": "^1.0.3",
        "dragon_rain": "^1.0.6",
        "dragon_spring_equinox": "^1.0.0",
        "jquery": "^3.7.1"
      }
    },
    "dragon_leader_lucky": {
      "version": "1.0.1",
      "resolved": "https://registry.npmjs.org/dragon_leader_lucky/-/dragon_leader_lucky-1.0.1.tgz",
      "integrity": "sha512-zngWHvmy86AhVFNQHuTwKEO8CkkgiA6FvrYErO7OefJdaGznubAjQ8bM5v8C4CmjHtNT9GaEuE2+Fr2qSzkuuQ==",
      "requires": {
        "dragon_awakening_of_insects": "^1.0.1",
        "dragon_lucky_words": "^1.0.3",
        "dragon_number_guessing": "^1.0.3",
        "dragon_rain": "^1.0.6",
        "dragon_spring_equinox": "^1.0.0",
        "jquery": "^3.7.1"
      }
    },
    "dragon_loquat_story": {
      "version": "1.0.1",
      "resolved": "https://registry.npmjs.org/dragon_loquat_story/-/dragon_loquat_story-1.0.1.tgz",
      "integrity": "sha512-G8F7r4TzPxHI7nNed85f8o9dEUPvR+Bu32WMtzAlGViXqKbfCveHLVaK3qMyvqjJfDvbL6FJ4lhR8S5EEJSjfg==",
      "requires": {
        "dragon_awakening_of_insects": "^1.0.1",
        "dragon_lucky_words": "^1.0.3",
        "dragon_number_guessing": "^1.0.3",
        "dragon_rain": "^1.0.6",
        "dragon_spring_equinox": "^1.0.0",
        "jquery": "^3.7.1"
      }
    },
    "dragon_lucky_words": {
      "version": "1.0.4",
      "resolved": "https://registry.npmjs.org/dragon_lucky_words/-/dragon_lucky_words-1.0.4.tgz",
      "integrity": "sha512-2GEMJAO2+rvrJ/NLyzzVEvh2Ia5iVtz1mTf8zzdc7JdPsYGsePyceFHeBCvuXtCd/x9nCmXIOGng0jYeOwDrXA==",
      "requires": {
        "dragon_awakening_of_insects": "^1.0.1",
        "dragon_balloons_story": "^1.0.1",
        "dragon_cake_story": "^1.0.1",
        "dragon_chicken_story": "^1.0.1",
        "dragon_cross_story": "^1.0.1",
        "dragon_cruel_story": "^1.0.1",
        "dragon_dijia_story": "^1.0.1",
        "dragon_homophonic_meme": "^1.0.1",
        "dragon_leader_angry": "^1.0.1",
        "dragon_leader_lucky": "^1.0.1",
        "dragon_loquat_story": "^1.0.1",
        "dragon_mountain_story": "^1.0.1",
        "dragon_number_guessing": "^1.0.3",
        "dragon_piano_story": "^1.0.1",
        "dragon_rain": "^1.0.1",
        "dragon_sea_story": "^1.0.1",
        "dragon_spring_equinox": "^1.0.0",
        "dragon_tiger_story": "^1.0.1",
        "dragon_warrior_story": "^1.0.1",
        "jquery": "^3.7.1"
      }
    },
    "dragon_mountain_story": {
      "version": "1.0.1",
      "resolved": "https://registry.npmjs.org/dragon_mountain_story/-/dragon_mountain_story-1.0.1.tgz",
      "integrity": "sha512-3E32l3Zqr9k5kTVWYMgsqaXPovamglSgt996arq64TRvQTiREkfoPL6a53sDm2LbRLTcrcYZQlbv16D1jXXcgw==",
      "requires": {
        "dragon_awakening_of_insects": "^1.0.1",
        "dragon_lucky_words": "^1.0.3",
        "dragon_number_guessing": "^1.0.3",
        "dragon_rain": "^1.0.6",
        "dragon_spring_equinox": "^1.0.0",
        "jquery": "^3.7.1"
      }
    },
    "dragon_number_guessing": {
      "version": "1.0.3",
      "resolved": "https://registry.npmjs.org/dragon_number_guessing/-/dragon_number_guessing-1.0.3.tgz",
      "integrity": "sha512-fUoPlllbhOaVM+KkS8YQGqT9p+tgCu1ixtPM+knHxJ3CT2u0Baf69aGqjkPlfeQsE3Mp2ZVPregFPiueQ144Kw==",
      "requires": {
        "dragon_rain": "^1.0.6",
        "vue": "^3.4.21"
      }
    },
    "dragon_piano_story": {
      "version": "1.0.1",
      "resolved": "https://registry.npmjs.org/dragon_piano_story/-/dragon_piano_story-1.0.1.tgz",
      "integrity": "sha512-C7r6vOF9zPfQDTT6AAcVeUujYXQzJnmcbXBknPT3k/YWlOxeCH/DgTVKExyvIte/zw2eC8S7CQJDAbBPxxJ5IQ==",
      "requires": {
        "dragon_awakening_of_insects": "^1.0.1",
        "dragon_lucky_words": "^1.0.3",
        "dragon_number_guessing": "^1.0.3",
        "dragon_rain": "^1.0.6",
        "dragon_spring_equinox": "^1.0.0",
        "jquery": "^3.7.1"
      }
    },
    "dragon_rain": {
      "version": "1.0.7",
      "resolved": "https://registry.npmjs.org/dragon_rain/-/dragon_rain-1.0.7.tgz",
      "integrity": "sha512-Enkaqk3x8/KGPK0dO+RbmLzyjFV78AhtPiD6Ol3qG1dNhNusoKihaGrYw4QxCSV7uw43IDWCE8zBAh5jY/JnIg==",
      "requires": {
        "dragon_awakening_of_insects": "^1.0.1",
        "dragon_balloons_story": "^1.0.1",
        "dragon_cake_story": "^1.0.1",
        "dragon_chicken_story": "^1.0.1",
        "dragon_cross_story": "^1.0.1",
        "dragon_cruel_story": "^1.0.1",
        "dragon_dijia_story": "^1.0.1",
        "dragon_homophonic_meme": "^1.0.1",
        "dragon_leader_angry": "^1.0.1",
        "dragon_leader_lucky": "^1.0.1",
        "dragon_loquat_story": "^1.0.1",
        "dragon_lucky_words": "^1.0.0",
        "dragon_mountain_story": "^1.0.1",
        "dragon_number_guessing": "^1.0.3",
        "dragon_piano_story": "^1.0.1",
        "dragon_sea_story": "^1.0.1",
        "dragon_spring_equinox": "^1.0.0",
        "dragon_tiger_story": "^1.0.1",
        "dragon_warrior_story": "^1.0.1",
        "jquery": "^3.7.1"
      }
    },
    "dragon_sea_story": {
      "version": "1.0.1",
      "resolved": "https://registry.npmjs.org/dragon_sea_story/-/dragon_sea_story-1.0.1.tgz",
      "integrity": "sha512-hH/wLwq2t2PMX8rTNFe7Larb4WoufInd9jVZJVOyyixM4mXIHw5t+uglG0sVzxRqsg/JaiMSsMJOtTFP9aREbg==",
      "requires": {
        "dragon_awakening_of_insects": "^1.0.1",
        "dragon_lucky_words": "^1.0.3",
        "dragon_number_guessing": "^1.0.3",
        "dragon_rain": "^1.0.6",
        "dragon_spring_equinox": "^1.0.0",
        "jquery": "^3.7.1"
      }
    },
    "dragon_spring_equinox": {
      "version": "1.0.2",
      "resolved": "https://registry.npmjs.org/dragon_spring_equinox/-/dragon_spring_equinox-1.0.2.tgz",
      "integrity": "sha512-XeTxYvXUNIrqKgJ0wMpMOLXjjA5cbHxnxHP9+3gYxEbPQJOL94+Zc+O3UKM20krqArCDXCnDmghuGjF23Fv/KQ==",
      "requires": {
        "dragon_awakening_of_insects": "^1.0.1",
        "dragon_balloons_story": "^1.0.1",
        "dragon_cake_story": "^1.0.1",
        "dragon_chicken_story": "^1.0.1",
        "dragon_cross_story": "^1.0.1",
        "dragon_cruel_story": "^1.0.1",
        "dragon_dijia_story": "^1.0.1",
        "dragon_homophonic_meme": "^1.0.1",
        "dragon_leader_angry": "^1.0.1",
        "dragon_leader_lucky": "^1.0.1",
        "dragon_loquat_story": "^1.0.1",
        "dragon_lucky_words": "^1.0.3",
        "dragon_mountain_story": "^1.0.1",
        "dragon_number_guessing": "^1.0.3",
        "dragon_piano_story": "^1.0.1",
        "dragon_sea_story": "^1.0.1",
        "dragon_tiger_story": "^1.0.1",
        "dragon_warrior_story": "^1.0.1",
        "jquery": "^3.7.1"
      }
    },
    "dragon_tiger_story": {
      "version": "1.0.1",
      "resolved": "https://registry.npmjs.org/dragon_tiger_story/-/dragon_tiger_story-1.0.1.tgz",
      "integrity": "sha512-mbW7jywesxnuDLZIhROmWaE7XgRVMChVHz/Iv0tRbm/kLAAjvDY8E8uBX5w1Kn8xiL3FEWvgW+wkGW6r7u9elA==",
      "requires": {
        "dragon_awakening_of_insects": "^1.0.1",
        "dragon_lucky_words": "^1.0.3",
        "dragon_number_guessing": "^1.0.3",
        "dragon_rain": "^1.0.6",
        "dragon_spring_equinox": "^1.0.0",
        "jquery": "^3.7.1"
      }
    },
    "dragon_warrior_story": {
      "version": "1.0.1",
      "resolved": "https://registry.npmjs.org/dragon_warrior_story/-/dragon_warrior_story-1.0.1.tgz",
      "integrity": "sha512-dEPkr1pxGs7tIZ2alob0tTP7RGJrdPQM1TGP+BkzEmNFvuSQLeU/U2QjBhw+OVE3FgzG1DdV2WvuC7d5UM1IEQ==",
      "requires": {
        "dragon_awakening_of_insects": "^1.0.1",
        "dragon_lucky_words": "^1.0.3",
        "dragon_number_guessing": "^1.0.3",
        "dragon_rain": "^1.0.6",
        "dragon_spring_equinox": "^1.0.0",
        "jquery": "^3.7.1"
      }
    },
    "entities": {
      "version": "4.5.0",
      "resolved": "https://registry.npmjs.org/entities/-/entities-4.5.0.tgz",
      "integrity": "sha512-V0hjH4dGPh9Ao5p0MoRY6BVqtwCjhz6vI5LT8AJ55H+4g9/4vbHx1I54fS0XuclLhDHArPQCiMjDxjaL8fPxhw=="
    },
    "estree-walker": {
      "version": "2.0.2",
      "resolved": "https://registry.npmjs.org/estree-walker/-/estree-walker-2.0.2.tgz",
      "integrity": "sha512-Rfkk/Mp/DL7JVje3u18FxFujQlTNR2q6QfMSMB7AvCBx91NGj/ba3kCfza0f6dVDbw7YlRf/nDrn7pQrCCyQ/w=="
    },
    "jquery": {
      "version": "3.7.1",
      "resolved": "https://registry.npmjs.org/jquery/-/jquery-3.7.1.tgz",
      "integrity": "sha512-m4avr8yL8kmFN8psrbFFFmB/If14iN5o9nw/NgnnM+kybDJpRsAynV2BsfpTYrTRysYUdADVD7CkUUizgkpLfg=="
    },
    "magic-string": {
      "version": "0.30.10",
      "resolved": "https://registry.npmjs.org/magic-string/-/magic-string-0.30.10.tgz",
      "integrity": "sha512-iIRwTIf0QKV3UAnYK4PU8uiEc4SRh5jX0mwpIwETPpHdhVM4f53RSwS/vXvN1JhGX+Cs7B8qIq3d6AH49O5fAQ==",
      "requires": {
        "@jridgewell/sourcemap-codec": "^1.4.15"
      }
    },
    "nanoid": {
      "version": "3.3.7",
      "resolved": "https://registry.npmjs.org/nanoid/-/nanoid-3.3.7.tgz",
      "integrity": "sha512-eSRppjcPIatRIMC1U6UngP8XFcz8MQWGQdt1MTBQ7NaAmvXDfvNxbvWV3x2y6CdEUciCSsDHDQZbhYaB8QEo2g=="
    },
    "picocolors": {
      "version": "1.0.0",
      "resolved": "https://registry.npmjs.org/picocolors/-/picocolors-1.0.0.tgz",
      "integrity": "sha512-1fygroTLlHu66zi26VoTDv8yRgm0Fccecssto+MhsZ0D/DGW2sm8E8AjW7NU5VVTRt5GxbeZ5qBuJr+HyLYkjQ=="
    },
    "postcss": {
      "version": "8.4.38",
      "resolved": "https://registry.npmjs.org/postcss/-/postcss-8.4.38.tgz",
      "integrity": "sha512-Wglpdk03BSfXkHoQa3b/oulrotAkwrlLDRSOb9D0bN86FdRyE9lppSp33aHNPgBa0JKCoB+drFLZkQoRRYae5A==",
      "requires": {
        "nanoid": "^3.3.7",
        "picocolors": "^1.0.0",
        "source-map-js": "^1.2.0"
      }
    },
    "source-map-js": {
      "version": "1.2.0",
      "resolved": "https://registry.npmjs.org/source-map-js/-/source-map-js-1.2.0.tgz",
      "integrity": "sha512-itJW8lvSA0TXEphiRoawsCksnlf8SyvmFzIhltqAHluXd88pkCd+cXJVHTDwdCr0IzwptSm035IHQktUu1QUMg=="
    },
    "vue": {
      "version": "3.4.27",
      "resolved": "https://registry.npmjs.org/vue/-/vue-3.4.27.tgz",
      "integrity": "sha512-8s/56uK6r01r1icG/aEOHqyMVxd1bkYcSe9j8HcKtr/xTOFWvnzIVTehNW+5Yt89f+DLBe4A569pnZLS5HzAMA==",
      "requires": {
        "@vue/compiler-dom": "3.4.27",
        "@vue/compiler-sfc": "3.4.27",
        "@vue/runtime-dom": "3.4.27",
        "@vue/server-renderer": "3.4.27",
        "@vue/shared": "3.4.27"
      }
    }
  }
}
